
Microsoft Visual Studio Solution File, Format Version 12.00
# Visual Studio Version 16
VisualStudioVersion = 16.0.30611.23
MinimumVisualStudioVersion = 10.0.40219.1
Project("{FAE04EC0-301F-11D3-BF4B-00C04F79EFBC}") = "Rechnertest", "Rechnertest\Rechnertest.csproj", "{7F57CA04-2173-4A1E-908F-93E9A83C5FF3}"
EndProject
Global
	GlobalSection(SolutionConfigurationPlatforms) = preSolution
		Debug|Any CPU = Debug|Any CPU
		Release|Any CPU = Release|Any CPU
	EndGlobalSection
	GlobalSection(ProjectConfigurationPlatforms) = postSolution
		{7F57CA04-2173-4A1E-908F-93E9A83C5FF3}.Debug|Any CPU.ActiveCfg = Debug|Any CPU
		{7F57CA04-2173-4A1E-908F-93E9A83C5FF3}.Debug|Any CPU.Build.0 = Debug|Any CPU
		{7F57CA04-2173-4A1E-908F-93E9A83C5FF3}.Release|Any CPU.ActiveCfg = Release|Any CPU
		{7F57CA04-2173-4A1E-908F-93E9A83C5FF3}.Release|Any CPU.Build.0 = Release|Any CPU
	EndGlobalSection
	GlobalSection(SolutionProperties) = preSolution
		HideSolutionNode = FALSE
	EndGlobalSection
	GlobalSection(ExtensibilityGlobals) = postSolution
		SolutionGuid = {F3B5CD4D-5991-4DCF-834E-08B50D3E7A60}
	EndGlobalSection
EndGlobal
